
Microsoft Visual Studio Solution File, Format Version 12.00
# Visual Studio Version 16
VisualStudioVersion = 16.0.30413.136
MinimumVisualStudioVersion = 10.0.40219.1
Project("{FAE04EC0-301F-11D3-BF4B-00C04F79EFBC}") = "graphics_2_bresenham", "graphics_2_bresenham\graphics_2_bresenham.csproj", "{E11B7BDB-3677-426A-8894-FA3BC1142159}"
EndProject
Global
	GlobalSection(SolutionConfigurationPlatforms) = preSolution
		Debug|Any CPU = Debug|Any CPU
		Release|Any CPU = Release|Any CPU
	EndGlobalSection
	GlobalSection(ProjectConfigurationPlatforms) = postSolution
		{E11B7BDB-3677-426A-8894-FA3BC1142159}.Debug|Any CPU.ActiveCfg = Debug|Any CPU
		{E11B7BDB-3677-426A-8894-FA3BC1142159}.Debug|Any CPU.Build.0 = Debug|Any CPU
		{E11B7BDB-3677-426A-8894-FA3BC1142159}.Release|Any CPU.ActiveCfg = Release|Any CPU
		{E11B7BDB-3677-426A-8894-FA3BC1142159}.Release|Any CPU.Build.0 = Release|Any CPU
	EndGlobalSection
	GlobalSection(SolutionProperties) = preSolution
		HideSolutionNode = FALSE
	EndGlobalSection
	GlobalSection(ExtensibilityGlobals) = postSolution
		SolutionGuid = {10652AA1-DB90-4A62-89FC-053A3CFE1452}
	EndGlobalSection
EndGlobal
